
Microsoft Visual Studio Solution File, Format Version 12.00
# Visual Studio Version 17
VisualStudioVersion = 17.0.32112.339
MinimumVisualStudioVersion = 10.0.40219.1
Project("{F184B08F-C81C-45F6-A57F-5ABD9991F28F}") = "calculator", "calculator.vbproj", "{89D02E99-BB32-4016-8DFF-F04A49762CA5}"
EndProject
Global
	GlobalSection(SolutionConfigurationPlatforms) = preSolution
		Debug|Any CPU = Debug|Any CPU
		Release|Any CPU = Release|Any CPU
	EndGlobalSection
	GlobalSection(ProjectConfigurationPlatforms) = postSolution
		{89D02E99-BB32-4016-8DFF-F04A49762CA5}.Debug|Any CPU.ActiveCfg = Debug|Any CPU
		{89D02E99-BB32-4016-8DFF-F04A49762CA5}.Debug|Any CPU.Build.0 = Debug|Any CPU
		{89D02E99-BB32-4016-8DFF-F04A49762CA5}.Release|Any CPU.ActiveCfg = Release|Any CPU
		{89D02E99-BB32-4016-8DFF-F04A49762CA5}.Release|Any CPU.Build.0 = Release|Any CPU
	EndGlobalSection
	GlobalSection(SolutionProperties) = preSolution
		HideSolutionNode = FALSE
	EndGlobalSection
	GlobalSection(ExtensibilityGlobals) = postSolution
		SolutionGuid = {D995750F-9668-413C-91FB-EF80D797B6FA}
	EndGlobalSection
EndGlobal
